{
    "name": "xyz.navinda.ceylonnews",
    "version": "1.0.0",
    "lockfileVersion": 1,
    "requires": true,
    "dependencies": {
        "cordova-plugin-device": {
            "version": "2.0.3",
            "resolved": "https://registry.npmjs.org/cordova-plugin-device/-/cordova-plugin-device-2.0.3.tgz",
            "integrity": "sha512-Jb3V72btxf3XHpkPQsGdyc8N6tVBYn1vsxSFj43fIz9vonJDUThYPCJJHqk6PX6N4dJw6I4FjxkpfCR4LDYMlw=="
        },
        "cordova-plugin-network-information": {
            "version": "2.0.2",
            "resolved": "https://registry.npmjs.org/cordova-plugin-network-information/-/cordova-plugin-network-information-2.0.2.tgz",
            "integrity": "sha512-NwO3qDBNL/vJxUxBTPNOA1HvkDf9eTeGH8JSZiwy1jq2W2mJKQEDBwqWkaEQS19Yd/MQTiw0cykxg5D7u4J6cQ=="
        },
        "cordova-plugin-x-socialsharing": {
            "version": "5.6.3",
            "resolved": "https://registry.npmjs.org/cordova-plugin-x-socialsharing/-/cordova-plugin-x-socialsharing-5.6.3.tgz",
            "integrity": "sha512-veAoIOgviGL9RCUyol9e6BxBRpyPV5OWaAmFKglbLjF2uGvj73k+jPe2+2p39ySPetxC8KERAz+1I6tfjk42Zg=="
        }
    }
}
